// !$*UTF8*$!
{
	archiveVersion = 1;
	classes = {
	};
	objectVersion = 46;
	objects = {

/* Begin PBXBuildFile section */
		2E18CFE51D8494130048F730 /* AppDelegate.swift in Sources */ = {isa = PBXBuildFile; fileRef = 2E18CFE21D8494130048F730 /* AppDelegate.swift */; };
		2E18CFE61D8494130048F730 /* CoreSwift.swift in Sources */ = {isa = PBXBuildFile; fileRef = 2E18CFE31D8494130048F730 /* CoreSwift.swift */; };
		2E18CFE71D8494130048F730 /* ZLKeychainService.swift in Sources */ = {isa = PBXBuildFile; fileRef = 2E18CFE41D8494130048F730 /* ZLKeychainService.swift */; };
		2E36536C1D84884300B2403E /* AllClassesDelegate.swift in Sources */ = {isa = PBXBuildFile; fileRef = 2E3653651D84884300B2403E /* AllClassesDelegate.swift */; };
		2E36536D1D84884300B2403E /* AnouncementDelegate.swift in Sources */ = {isa = PBXBuildFile; fileRef = 2E3653661D84884300B2403E /* AnouncementDelegate.swift */; };
		2E36536E1D84884300B2403E /* AssignmentDelegate.swift in Sources */ = {isa = PBXBuildFile; fileRef = 2E3653671D84884300B2403E /* AssignmentDelegate.swift */; };
		2E36536F1D84884300B2403E /* AssignmentsDelegate.swift in Sources */ = {isa = PBXBuildFile; fileRef = 2E3653681D84884300B2403E /* AssignmentsDelegate.swift */; };
		2E3653701D84884300B2403E /* ClassDelegate.swift in Sources */ = {isa = PBXBuildFile; fileRef = 2E3653691D84884300B2403E /* ClassDelegate.swift */; };
		2E3653711D84884300B2403E /* GradebookDelegate.swift in Sources */ = {isa = PBXBuildFile; fileRef = 2E36536A1D84884300B2403E /* GradebookDelegate.swift */; };
		2E3653721D84884300B2403E /* ResourcesDelegate.swift in Sources */ = {isa = PBXBuildFile; fileRef = 2E36536B1D84884300B2403E /* ResourcesDelegate.swift */; };
		2E36537A1D84884B00B2403E /* Announcement.swift in Sources */ = {isa = PBXBuildFile; fileRef = 2E3653741D84884B00B2403E /* Announcement.swift */; };
		2E36537B1D84884B00B2403E /* Assignment.swift in Sources */ = {isa = PBXBuildFile; fileRef = 2E3653751D84884B00B2403E /* Assignment.swift */; };
		2E36537C1D84884B00B2403E /* Class.swift in Sources */ = {isa = PBXBuildFile; fileRef = 2E3653761D84884B00B2403E /* Class.swift */; };
		2E36537D1D84884B00B2403E /* Grade.swift in Sources */ = {isa = PBXBuildFile; fileRef = 2E3653771D84884B00B2403E /* Grade.swift */; };
		2E36537E1D84884B00B2403E /* Resource.swift in Sources */ = {isa = PBXBuildFile; fileRef = 2E3653781D84884B00B2403E /* Resource.swift */; };
		2E36537F1D84884B00B2403E /* SettingsDelegate.swift in Sources */ = {isa = PBXBuildFile; fileRef = 2E3653791D84884B00B2403E /* SettingsDelegate.swift */; };
		2E3653831D84885700B2403E /* HttpClient.swift in Sources */ = {isa = PBXBuildFile; fileRef = 2E3653811D84885700B2403E /* HttpClient.swift */; };
		2E3653841D84885700B2403E /* TSReader.swift in Sources */ = {isa = PBXBuildFile; fileRef = 2E3653821D84885700B2403E /* TSReader.swift */; };
		2E36538A1D84885D00B2403E /* ClassesViewController.swift in Sources */ = {isa = PBXBuildFile; fileRef = 2E3653861D84885D00B2403E /* ClassesViewController.swift */; };
		2E36538B1D84885D00B2403E /* LoginViewController.swift in Sources */ = {isa = PBXBuildFile; fileRef = 2E3653871D84885D00B2403E /* LoginViewController.swift */; };
		2E36538C1D84885D00B2403E /* TableViewCells.swift in Sources */ = {isa = PBXBuildFile; fileRef = 2E3653881D84885D00B2403E /* TableViewCells.swift */; };
		2E36538D1D84885D00B2403E /* TSWebView.swift in Sources */ = {isa = PBXBuildFile; fileRef = 2E3653891D84885D00B2403E /* TSWebView.swift */; };
		2E4207A71B8FB828002B79E6 /* libxml2.2.dylib in Frameworks */ = {isa = PBXBuildFile; fileRef = 2E4207A61B8FB828002B79E6 /* libxml2.2.dylib */; };
		2E4B30991BCF5B6700C13222 /* Kanna.framework in Frameworks */ = {isa = PBXBuildFile; fileRef = 2E4B30921BCF5B5F00C13222 /* Kanna.framework */; };
		2E4B309B1BCF5B7700C13222 /* Kanna.framework in Embed Frameworks */ = {isa = PBXBuildFile; fileRef = 2E4B30921BCF5B5F00C13222 /* Kanna.framework */; settings = {ATTRIBUTES = (CodeSignOnCopy, RemoveHeadersOnCopy, ); }; };
		2E7C6F651B8E6DDE00E95183 /* Main.storyboard in Resources */ = {isa = PBXBuildFile; fileRef = 2E7C6F631B8E6DDE00E95183 /* Main.storyboard */; };
		2E7C6F671B8E6DDE00E95183 /* Assets.xcassets in Resources */ = {isa = PBXBuildFile; fileRef = 2E7C6F661B8E6DDE00E95183 /* Assets.xcassets */; };
		2E7C6F6A1B8E6DDE00E95183 /* LaunchScreen.storyboard in Resources */ = {isa = PBXBuildFile; fileRef = 2E7C6F681B8E6DDE00E95183 /* LaunchScreen.storyboard */; };
		2E7F581A1BE59566000590EB /* Security.framework in Frameworks */ = {isa = PBXBuildFile; fileRef = 2E7F58191BE59566000590EB /* Security.framework */; };
/* End PBXBuildFile section */

/* Begin PBXContainerItemProxy section */
		2E4B30911BCF5B5F00C13222 /* PBXContainerItemProxy */ = {
			isa = PBXContainerItemProxy;
			containerPortal = 2E4B308A1BCF5B5F00C13222 /* Kanna.xcodeproj */;
			proxyType = 2;
			remoteGlobalIDString = 1EAFA0D81B6039D5001F3D84;
			remoteInfo = Kanna_iOS;
		};
		2E4B30931BCF5B5F00C13222 /* PBXContainerItemProxy */ = {
			isa = PBXContainerItemProxy;
			containerPortal = 2E4B308A1BCF5B5F00C13222 /* Kanna.xcodeproj */;
			proxyType = 2;
			remoteGlobalIDString = 1EBA8A6B1B6632E800226B9C;
			remoteInfo = Kanna_OSX;
		};
		2E4B30951BCF5B5F00C13222 /* PBXContainerItemProxy */ = {
			isa = PBXContainerItemProxy;
			containerPortal = 2E4B308A1BCF5B5F00C13222 /* Kanna.xcodeproj */;
			proxyType = 2;
			remoteGlobalIDString = 1EAFA0E31B6039D5001F3D84;
			remoteInfo = KannaTests;
		};
		2E4B30971BCF5B5F00C13222 /* PBXContainerItemProxy */ = {
			isa = PBXContainerItemProxy;
			containerPortal = 2E4B308A1BCF5B5F00C13222 /* Kanna.xcodeproj */;
			proxyType = 2;
			remoteGlobalIDString = 1E206B841B665E6D00441E12;
			remoteInfo = "Kanna_OSX Tests";
		};
		2E4B309C1BCF5B7700C13222 /* PBXContainerItemProxy */ = {
			isa = PBXContainerItemProxy;
			containerPortal = 2E4B308A1BCF5B5F00C13222 /* Kanna.xcodeproj */;
			proxyType = 1;
			remoteGlobalIDString = 1EAFA0D71B6039D5001F3D84;
			remoteInfo = Kanna_iOS;
		};
		2E7C6F711B8E6DDE00E95183 /* PBXContainerItemProxy */ = {
			isa = PBXContainerItemProxy;
			containerPortal = 2E7C6F541B8E6DDE00E95183 /* Project object */;
			proxyType = 1;
			remoteGlobalIDString = 2E7C6F5B1B8E6DDE00E95183;
			remoteInfo = "T-Square";
		};
/* End PBXContainerItemProxy section */

/* Begin PBXCopyFilesBuildPhase section */
		2EAA77551BC0892B00606C5D /* Embed Frameworks */ = {
			isa = PBXCopyFilesBuildPhase;
			buildActionMask = 2147483647;
			dstPath = "";
			dstSubfolderSpec = 10;
			files = (
				2E4B309B1BCF5B7700C13222 /* Kanna.framework in Embed Frameworks */,
			);
			name = "Embed Frameworks";
			runOnlyForDeploymentPostprocessing = 0;
		};
/* End PBXCopyFilesBuildPhase section */

/* Begin PBXFileReference section */
		2E18CFE21D8494130048F730 /* AppDelegate.swift */ = {isa = PBXFileReference; fileEncoding = 4; lastKnownFileType = sourcecode.swift; path = AppDelegate.swift; sourceTree = "<group>"; };
		2E18CFE31D8494130048F730 /* CoreSwift.swift */ = {isa = PBXFileReference; fileEncoding = 4; lastKnownFileType = sourcecode.swift; path = CoreSwift.swift; sourceTree = "<group>"; };
		2E18CFE41D8494130048F730 /* ZLKeychainService.swift */ = {isa = PBXFileReference; fileEncoding = 4; lastKnownFileType = sourcecode.swift; path = ZLKeychainService.swift; sourceTree = "<group>"; };
		2E3653651D84884300B2403E /* AllClassesDelegate.swift */ = {isa = PBXFileReference; fileEncoding = 4; lastKnownFileType = sourcecode.swift; path = AllClassesDelegate.swift; sourceTree = "<group>"; };
		2E3653661D84884300B2403E /* AnouncementDelegate.swift */ = {isa = PBXFileReference; fileEncoding = 4; lastKnownFileType = sourcecode.swift; path = AnouncementDelegate.swift; sourceTree = "<group>"; };
		2E3653671D84884300B2403E /* AssignmentDelegate.swift */ = {isa = PBXFileReference; fileEncoding = 4; lastKnownFileType = sourcecode.swift; path = AssignmentDelegate.swift; sourceTree = "<group>"; };
		2E3653681D84884300B2403E /* AssignmentsDelegate.swift */ = {isa = PBXFileReference; fileEncoding = 4; lastKnownFileType = sourcecode.swift; path = AssignmentsDelegate.swift; sourceTree = "<group>"; };
		2E3653691D84884300B2403E /* ClassDelegate.swift */ = {isa = PBXFileReference; fileEncoding = 4; lastKnownFileType = sourcecode.swift; path = ClassDelegate.swift; sourceTree = "<group>"; };
		2E36536A1D84884300B2403E /* GradebookDelegate.swift */ = {isa = PBXFileReference; fileEncoding = 4; lastKnownFileType = sourcecode.swift; path = GradebookDelegate.swift; sourceTree = "<group>"; };
		2E36536B1D84884300B2403E /* ResourcesDelegate.swift */ = {isa = PBXFileReference; fileEncoding = 4; lastKnownFileType = sourcecode.swift; path = ResourcesDelegate.swift; sourceTree = "<group>"; };
		2E3653741D84884B00B2403E /* Announcement.swift */ = {isa = PBXFileReference; fileEncoding = 4; lastKnownFileType = sourcecode.swift; path = Announcement.swift; sourceTree = "<group>"; };
		2E3653751D84884B00B2403E /* Assignment.swift */ = {isa = PBXFileReference; fileEncoding = 4; lastKnownFileType = sourcecode.swift; path = Assignment.swift; sourceTree = "<group>"; };
		2E3653761D84884B00B2403E /* Class.swift */ = {isa = PBXFileReference; fileEncoding = 4; lastKnownFileType = sourcecode.swift; path = Class.swift; sourceTree = "<group>"; };
		2E3653771D84884B00B2403E /* Grade.swift */ = {isa = PBXFileReference; fileEncoding = 4; lastKnownFileType = sourcecode.swift; path = Grade.swift; sourceTree = "<group>"; };
		2E3653781D84884B00B2403E /* Resource.swift */ = {isa = PBXFileReference; fileEncoding = 4; lastKnownFileType = sourcecode.swift; path = Resource.swift; sourceTree = "<group>"; };
		2E3653791D84884B00B2403E /* SettingsDelegate.swift */ = {isa = PBXFileReference; fileEncoding = 4; lastKnownFileType = sourcecode.swift; path = SettingsDelegate.swift; sourceTree = "<group>"; };
		2E3653811D84885700B2403E /* HttpClient.swift */ = {isa = PBXFileReference; fileEncoding = 4; lastKnownFileType = sourcecode.swift; path = HttpClient.swift; sourceTree = "<group>"; };
		2E3653821D84885700B2403E /* TSReader.swift */ = {isa = PBXFileReference; fileEncoding = 4; lastKnownFileType = sourcecode.swift; path = TSReader.swift; sourceTree = "<group>"; };
		2E3653861D84885D00B2403E /* ClassesViewController.swift */ = {isa = PBXFileReference; fileEncoding = 4; lastKnownFileType = sourcecode.swift; path = ClassesViewController.swift; sourceTree = "<group>"; };
		2E3653871D84885D00B2403E /* LoginViewController.swift */ = {isa = PBXFileReference; fileEncoding = 4; lastKnownFileType = sourcecode.swift; path = LoginViewController.swift; sourceTree = "<group>"; };
		2E3653881D84885D00B2403E /* TableViewCells.swift */ = {isa = PBXFileReference; fileEncoding = 4; lastKnownFileType = sourcecode.swift; path = TableViewCells.swift; sourceTree = "<group>"; };
		2E3653891D84885D00B2403E /* TSWebView.swift */ = {isa = PBXFileReference; fileEncoding = 4; lastKnownFileType = sourcecode.swift; path = TSWebView.swift; sourceTree = "<group>"; };
		2E4207A61B8FB828002B79E6 /* libxml2.2.dylib */ = {isa = PBXFileReference; lastKnownFileType = "compiled.mach-o.dylib"; name = libxml2.2.dylib; path = ../../../../../usr/lib/libxml2.2.dylib; sourceTree = "<group>"; };
		2E4B308A1BCF5B5F00C13222 /* Kanna.xcodeproj */ = {isa = PBXFileReference; lastKnownFileType = "wrapper.pb-project"; name = Kanna.xcodeproj; path = Kanna/Kanna.xcodeproj; sourceTree = "<group>"; };
		2E7C6F5C1B8E6DDE00E95183 /* T-Squared.app */ = {isa = PBXFileReference; explicitFileType = wrapper.application; includeInIndex = 0; path = "T-Squared.app"; sourceTree = BUILT_PRODUCTS_DIR; };
		2E7C6F641B8E6DDE00E95183 /* Base */ = {isa = PBXFileReference; lastKnownFileType = file.storyboard; name = Base; path = Base.lproj/Main.storyboard; sourceTree = "<group>"; };
		2E7C6F661B8E6DDE00E95183 /* Assets.xcassets */ = {isa = PBXFileReference; lastKnownFileType = folder.assetcatalog; path = Assets.xcassets; sourceTree = "<group>"; };
		2E7C6F691B8E6DDE00E95183 /* Base */ = {isa = PBXFileReference; lastKnownFileType = file.storyboard; name = Base; path = Base.lproj/LaunchScreen.storyboard; sourceTree = "<group>"; };
		2E7C6F6B1B8E6DDE00E95183 /* Info.plist */ = {isa = PBXFileReference; lastKnownFileType = text.plist.xml; path = Info.plist; sourceTree = "<group>"; };
		2E7C6F701B8E6DDE00E95183 /* T-SquareTests.xctest */ = {isa = PBXFileReference; explicitFileType = wrapper.cfbundle; includeInIndex = 0; path = "T-SquareTests.xctest"; sourceTree = BUILT_PRODUCTS_DIR; };
		2E7F58191BE59566000590EB /* Security.framework */ = {isa = PBXFileReference; lastKnownFileType = wrapper.framework; name = Security.framework; path = System/Library/Frameworks/Security.framework; sourceTree = SDKROOT; };
/* End PBXFileReference section */

/* Begin PBXFrameworksBuildPhase section */
		2E7C6F591B8E6DDE00E95183 /* Frameworks */ = {
			isa = PBXFrameworksBuildPhase;
			buildActionMask = 2147483647;
			files = (
				2E7F581A1BE59566000590EB /* Security.framework in Frameworks */,
				2E4B30991BCF5B6700C13222 /* Kanna.framework in Frameworks */,
				2E4207A71B8FB828002B79E6 /* libxml2.2.dylib in Frameworks */,
			);
			runOnlyForDeploymentPostprocessing = 0;
		};
		2E7C6F6D1B8E6DDE00E95183 /* Frameworks */ = {
			isa = PBXFrameworksBuildPhase;
			buildActionMask = 2147483647;
			files = (
			);
			runOnlyForDeploymentPostprocessing = 0;
		};
/* End PBXFrameworksBuildPhase section */

/* Begin PBXGroup section */
		2E18CFE11D8494130048F730 /* Utilities */ = {
			isa = PBXGroup;
			children = (
				2E18CFE21D8494130048F730 /* AppDelegate.swift */,
				2E18CFE31D8494130048F730 /* CoreSwift.swift */,
				2E18CFE41D8494130048F730 /* ZLKeychainService.swift */,
			);
			path = Utilities;
			sourceTree = "<group>";
		};
		2E3653641D84884300B2403E /* Delegates */ = {
			isa = PBXGroup;
			children = (
				2E3653651D84884300B2403E /* AllClassesDelegate.swift */,
				2E3653661D84884300B2403E /* AnouncementDelegate.swift */,
				2E3653671D84884300B2403E /* AssignmentDelegate.swift */,
				2E3653681D84884300B2403E /* AssignmentsDelegate.swift */,
				2E3653691D84884300B2403E /* ClassDelegate.swift */,
				2E36536A1D84884300B2403E /* GradebookDelegate.swift */,
				2E36536B1D84884300B2403E /* ResourcesDelegate.swift */,
			);
			path = Delegates;
			sourceTree = "<group>";
		};
		2E3653731D84884B00B2403E /* Model */ = {
			isa = PBXGroup;
			children = (
				2E3653741D84884B00B2403E /* Announcement.swift */,
				2E3653751D84884B00B2403E /* Assignment.swift */,
				2E3653761D84884B00B2403E /* Class.swift */,
				2E3653771D84884B00B2403E /* Grade.swift */,
				2E3653781D84884B00B2403E /* Resource.swift */,
				2E3653791D84884B00B2403E /* SettingsDelegate.swift */,
			);
			path = Model;
			sourceTree = "<group>";
		};
		2E3653801D84885700B2403E /* Networking */ = {
			isa = PBXGroup;
			children = (
				2E3653811D84885700B2403E /* HttpClient.swift */,
				2E3653821D84885700B2403E /* TSReader.swift */,
			);
			path = Networking;
			sourceTree = "<group>";
		};
		2E3653851D84885D00B2403E /* Views */ = {
			isa = PBXGroup;
			children = (
				2E3653861D84885D00B2403E /* ClassesViewController.swift */,
				2E3653871D84885D00B2403E /* LoginViewController.swift */,
				2E3653881D84885D00B2403E /* TableViewCells.swift */,
				2E3653891D84885D00B2403E /* TSWebView.swift */,
			);
			path = Views;
			sourceTree = "<group>";
		};
		2E4B308B1BCF5B5F00C13222 /* Products */ = {
			isa = PBXGroup;
			children = (
				2E4B30921BCF5B5F00C13222 /* Kanna.framework */,
				2E4B30941BCF5B5F00C13222 /* Kanna.framework */,
				2E4B30961BCF5B5F00C13222 /* KannaTests.xctest */,
				2E4B30981BCF5B5F00C13222 /* Kanna_OSX Tests.xctest */,
			);
			name = Products;
			sourceTree = "<group>";
		};
		2E7C6F531B8E6DDE00E95183 = {
			isa = PBXGroup;
			children = (
				2E7F58191BE59566000590EB /* Security.framework */,
				2E4207A61B8FB828002B79E6 /* libxml2.2.dylib */,
				2E7C6F5E1B8E6DDE00E95183 /* T-Square */,
				2E7C6F5D1B8E6DDE00E95183 /* Products */,
				2E4B308A1BCF5B5F00C13222 /* Kanna.xcodeproj */,
			);
			sourceTree = "<group>";
		};
		2E7C6F5D1B8E6DDE00E95183 /* Products */ = {
			isa = PBXGroup;
			children = (
				2E7C6F5C1B8E6DDE00E95183 /* T-Squared.app */,
				2E7C6F701B8E6DDE00E95183 /* T-SquareTests.xctest */,
			);
			name = Products;
			sourceTree = "<group>";
		};
		2E7C6F5E1B8E6DDE00E95183 /* T-Square */ = {
			isa = PBXGroup;
			children = (
				2E7C6F631B8E6DDE00E95183 /* Main.storyboard */,
				2E7C6F661B8E6DDE00E95183 /* Assets.xcassets */,
				2E7C6F681B8E6DDE00E95183 /* LaunchScreen.storyboard */,
				2E7C6F6B1B8E6DDE00E95183 /* Info.plist */,
				2E3653731D84884B00B2403E /* Model */,
				2E3653801D84885700B2403E /* Networking */,
				2E3653641D84884300B2403E /* Delegates */,
				2E3653851D84885D00B2403E /* Views */,
				2E18CFE11D8494130048F730 /* Utilities */,
			);
			path = "T-Square";
			sourceTree = "<group>";
		};
/* End PBXGroup section */

/* Begin PBXNativeTarget section */
		2E7C6F5B1B8E6DDE00E95183 /* T-Squared */ = {
			isa = PBXNativeTarget;
			buildConfigurationList = 2E7C6F791B8E6DDE00E95183 /* Build configuration list for PBXNativeTarget "T-Squared" */;
			buildPhases = (
				2E7C6F581B8E6DDE00E95183 /* Sources */,
				2E7C6F591B8E6DDE00E95183 /* Frameworks */,
				2E7C6F5A1B8E6DDE00E95183 /* Resources */,
				2EAA77551BC0892B00606C5D /* Embed Frameworks */,
			);
			buildRules = (
			);
			dependencies = (
				2E4B309D1BCF5B7700C13222 /* PBXTargetDependency */,
			);
			name = "T-Squared";
			productName = "T-Square";
			productReference = 2E7C6F5C1B8E6DDE00E95183 /* T-Squared.app */;
			productType = "com.apple.product-type.application";
		};
		2E7C6F6F1B8E6DDE00E95183 /* T-SquareTests */ = {
			isa = PBXNativeTarget;
			buildConfigurationList = 2E7C6F7C1B8E6DDE00E95183 /* Build configuration list for PBXNativeTarget "T-SquareTests" */;
			buildPhases = (
				2E7C6F6C1B8E6DDE00E95183 /* Sources */,
				2E7C6F6D1B8E6DDE00E95183 /* Frameworks */,
				2E7C6F6E1B8E6DDE00E95183 /* Resources */,
			);
			buildRules = (
			);
			dependencies = (
				2E7C6F721B8E6DDE00E95183 /* PBXTargetDependency */,
			);
			name = "T-SquareTests";
			productName = "T-SquareTests";
			productReference = 2E7C6F701B8E6DDE00E95183 /* T-SquareTests.xctest */;
			productType = "com.apple.product-type.bundle.unit-test";
		};
/* End PBXNativeTarget section */

/* Begin PBXProject section */
		2E7C6F541B8E6DDE00E95183 /* Project object */ = {
			isa = PBXProject;
			attributes = {
				LastUpgradeCheck = 0710;
				ORGANIZATIONNAME = "Georgia Tech";
				TargetAttributes = {
					2E7C6F5B1B8E6DDE00E95183 = {
						CreatedOnToolsVersion = 7.0;
						DevelopmentTeam = FZ89A5SZ7C;
						SystemCapabilities = {
							com.apple.BackgroundModes = {
								enabled = 0;
							};
						};
					};
					2E7C6F6F1B8E6DDE00E95183 = {
						CreatedOnToolsVersion = 7.0;
						TestTargetID = 2E7C6F5B1B8E6DDE00E95183;
					};
				};
			};
			buildConfigurationList = 2E7C6F571B8E6DDE00E95183 /* Build configuration list for PBXProject "T-Square" */;
			compatibilityVersion = "Xcode 3.2";
			developmentRegion = English;
			hasScannedForEncodings = 0;
			knownRegions = (
				en,
				Base,
			);
			mainGroup = 2E7C6F531B8E6DDE00E95183;
			productRefGroup = 2E7C6F5D1B8E6DDE00E95183 /* Products */;
			projectDirPath = "";
			projectReferences = (
				{
					ProductGroup = 2E4B308B1BCF5B5F00C13222 /* Products */;
					ProjectRef = 2E4B308A1BCF5B5F00C13222 /* Kanna.xcodeproj */;
				},
			);
			projectRoot = "";
			targets = (
				2E7C6F5B1B8E6DDE00E95183 /* T-Squared */,
				2E7C6F6F1B8E6DDE00E95183 /* T-SquareTests */,
			);
		};
/* End PBXProject section */

/* Begin PBXReferenceProxy section */
		2E4B30921BCF5B5F00C13222 /* Kanna.framework */ = {
			isa = PBXReferenceProxy;
			fileType = wrapper.framework;
			path = Kanna.framework;
			remoteRef = 2E4B30911BCF5B5F00C13222 /* PBXContainerItemProxy */;
			sourceTree = BUILT_PRODUCTS_DIR;
		};
		2E4B30941BCF5B5F00C13222 /* Kanna.framework */ = {
			isa = PBXReferenceProxy;
			fileType = wrapper.framework;
			path = Kanna.framework;
			remoteRef = 2E4B30931BCF5B5F00C13222 /* PBXContainerItemProxy */;
			sourceTree = BUILT_PRODUCTS_DIR;
		};
		2E4B30961BCF5B5F00C13222 /* KannaTests.xctest */ = {
			isa = PBXReferenceProxy;
			fileType = wrapper.cfbundle;
			path = KannaTests.xctest;
			remoteRef = 2E4B30951BCF5B5F00C13222 /* PBXContainerItemProxy */;
			sourceTree = BUILT_PRODUCTS_DIR;
		};
		2E4B30981BCF5B5F00C13222 /* Kanna_OSX Tests.xctest */ = {
			isa = PBXReferenceProxy;
			fileType = wrapper.cfbundle;
			path = "Kanna_OSX Tests.xctest";
			remoteRef = 2E4B30971BCF5B5F00C13222 /* PBXContainerItemProxy */;
			sourceTree = BUILT_PRODUCTS_DIR;
		};
/* End PBXReferenceProxy section */

/* Begin PBXResourcesBuildPhase section */
		2E7C6F5A1B8E6DDE00E95183 /* Resources */ = {
			isa = PBXResourcesBuildPhase;
			buildActionMask = 2147483647;
			files = (
				2E7C6F6A1B8E6DDE00E95183 /* LaunchScreen.storyboard in Resources */,
				2E7C6F671B8E6DDE00E95183 /* Assets.xcassets in Resources */,
				2E7C6F651B8E6DDE00E95183 /* Main.storyboard in Resources */,
			);
			runOnlyForDeploymentPostprocessing = 0;
		};
		2E7C6F6E1B8E6DDE00E95183 /* Resources */ = {
			isa = PBXResourcesBuildPhase;
			buildActionMask = 2147483647;
			files = (
			);
			runOnlyForDeploymentPostprocessing = 0;
		};
/* End PBXResourcesBuildPhase section */

/* Begin PBXSourcesBuildPhase section */
		2E7C6F581B8E6DDE00E95183 /* Sources */ = {
			isa = PBXSourcesBuildPhase;
			buildActionMask = 2147483647;
			files = (
				2E36538D1D84885D00B2403E /* TSWebView.swift in Sources */,
				2E36537B1D84884B00B2403E /* Assignment.swift in Sources */,
				2E36537A1D84884B00B2403E /* Announcement.swift in Sources */,
				2E36536E1D84884300B2403E /* AssignmentDelegate.swift in Sources */,
				2E36538A1D84885D00B2403E /* ClassesViewController.swift in Sources */,
				2E36537F1D84884B00B2403E /* SettingsDelegate.swift in Sources */,
				2E3653841D84885700B2403E /* TSReader.swift in Sources */,
				2E3653831D84885700B2403E /* HttpClient.swift in Sources */,
				2E18CFE51D8494130048F730 /* AppDelegate.swift in Sources */,
				2E36538C1D84885D00B2403E /* TableViewCells.swift in Sources */,
				2E3653711D84884300B2403E /* GradebookDelegate.swift in Sources */,
				2E18CFE61D8494130048F730 /* CoreSwift.swift in Sources */,
				2E3653721D84884300B2403E /* ResourcesDelegate.swift in Sources */,
				2E18CFE71D8494130048F730 /* ZLKeychainService.swift in Sources */,
				2E36536D1D84884300B2403E /* AnouncementDelegate.swift in Sources */,
				2E36536C1D84884300B2403E /* AllClassesDelegate.swift in Sources */,
				2E36536F1D84884300B2403E /* AssignmentsDelegate.swift in Sources */,
				2E36537D1D84884B00B2403E /* Grade.swift in Sources */,
				2E36538B1D84885D00B2403E /* LoginViewController.swift in Sources */,
				2E36537E1D84884B00B2403E /* Resource.swift in Sources */,
				2E36537C1D84884B00B2403E /* Class.swift in Sources */,
				2E3653701D84884300B2403E /* ClassDelegate.swift in Sources */,
			);
			runOnlyForDeploymentPostprocessing = 0;
		};
		2E7C6F6C1B8E6DDE00E95183 /* Sources */ = {
			isa = PBXSourcesBuildPhase;
			buildActionMask = 2147483647;
			files = (
			);
			runOnlyForDeploymentPostprocessing = 0;
		};
/* End PBXSourcesBuildPhase section */

/* Begin PBXTargetDependency section */
		2E4B309D1BCF5B7700C13222 /* PBXTargetDependency */ = {
			isa = PBXTargetDependency;
			name = Kanna_iOS;
			targetProxy = 2E4B309C1BCF5B7700C13222 /* PBXContainerItemProxy */;
		};
		2E7C6F721B8E6DDE00E95183 /* PBXTargetDependency */ = {
			isa = PBXTargetDependency;
			target = 2E7C6F5B1B8E6DDE00E95183 /* T-Squared */;
			targetProxy = 2E7C6F711B8E6DDE00E95183 /* PBXContainerItemProxy */;
		};
/* End PBXTargetDependency section */

/* Begin PBXVariantGroup section */
		2E7C6F631B8E6DDE00E95183 /* Main.storyboard */ = {
			isa = PBXVariantGroup;
			children = (
				2E7C6F641B8E6DDE00E95183 /* Base */,
			);
			name = Main.storyboard;
			sourceTree = "<group>";
		};
		2E7C6F681B8E6DDE00E95183 /* LaunchScreen.storyboard */ = {
			isa = PBXVariantGroup;
			children = (
				2E7C6F691B8E6DDE00E95183 /* Base */,
			);
			name = LaunchScreen.storyboard;
			sourceTree = "<group>";
		};
/* End PBXVariantGroup section */

/* Begin XCBuildConfiguration section */
		2E7C6F771B8E6DDE00E95183 /* Debug */ = {
			isa = XCBuildConfiguration;
			buildSettings = {
				ALWAYS_SEARCH_USER_PATHS = NO;
				CLANG_CXX_LANGUAGE_STANDARD = "gnu++0x";
				CLANG_CXX_LIBRARY = "libc++";
				CLANG_ENABLE_MODULES = YES;
				CLANG_ENABLE_OBJC_ARC = YES;
				CLANG_WARN_BOOL_CONVERSION = YES;
				CLANG_WARN_CONSTANT_CONVERSION = YES;
				CLANG_WARN_DIRECT_OBJC_ISA_USAGE = YES_ERROR;
				CLANG_WARN_EMPTY_BODY = YES;
				CLANG_WARN_ENUM_CONVERSION = YES;
				CLANG_WARN_INT_CONVERSION = YES;
				CLANG_WARN_OBJC_ROOT_CLASS = YES_ERROR;
				CLANG_WARN_UNREACHABLE_CODE = YES;
				CLANG_WARN__DUPLICATE_METHOD_MATCH = YES;
				"CODE_SIGN_IDENTITY[sdk=iphoneos*]" = "iPhone Developer";
				COPY_PHASE_STRIP = NO;
				DEBUG_INFORMATION_FORMAT = dwarf;
				ENABLE_STRICT_OBJC_MSGSEND = YES;
				ENABLE_TESTABILITY = YES;
				GCC_C_LANGUAGE_STANDARD = gnu99;
				GCC_DYNAMIC_NO_PIC = NO;
				GCC_NO_COMMON_BLOCKS = YES;
				GCC_OPTIMIZATION_LEVEL = 0;
				GCC_PREPROCESSOR_DEFINITIONS = (
					"DEBUG=1",
					"$(inherited)",
				);
				GCC_WARN_64_TO_32_BIT_CONVERSION = YES;
				GCC_WARN_ABOUT_RETURN_TYPE = YES_ERROR;
				GCC_WARN_UNDECLARED_SELECTOR = YES;
				GCC_WARN_UNINITIALIZED_AUTOS = YES_AGGRESSIVE;
				GCC_WARN_UNUSED_FUNCTION = YES;
				GCC_WARN_UNUSED_VARIABLE = YES;
				HEADER_SEARCH_PATHS = "$(SDKROOT)/usr/include/libxml2";
				IPHONEOS_DEPLOYMENT_TARGET = 8.0;
				MTL_ENABLE_DEBUG_INFO = YES;
				ONLY_ACTIVE_ARCH = YES;
				SDKROOT = iphoneos;
				SWIFT_OPTIMIZATION_LEVEL = "-Onone";
				TARGETED_DEVICE_FAMILY = "1,2";
			};
			name = Debug;
		};
		2E7C6F781B8E6DDE00E95183 /* Release */ = {
			isa = XCBuildConfiguration;
			buildSettings = {
				ALWAYS_SEARCH_USER_PATHS = NO;
				CLANG_CXX_LANGUAGE_STANDARD = "gnu++0x";
				CLANG_CXX_LIBRARY = "libc++";
				CLANG_ENABLE_MODULES = YES;
				CLANG_ENABLE_OBJC_ARC = YES;
				CLANG_WARN_BOOL_CONVERSION = YES;
				CLANG_WARN_CONSTANT_CONVERSION = YES;
				CLANG_WARN_DIRECT_OBJC_ISA_USAGE = YES_ERROR;
				CLANG_WARN_EMPTY_BODY = YES;
				CLANG_WARN_ENUM_CONVERSION = YES;
				CLANG_WARN_INT_CONVERSION = YES;
				CLANG_WARN_OBJC_ROOT_CLASS = YES_ERROR;
				CLANG_WARN_UNREACHABLE_CODE = YES;
				CLANG_WARN__DUPLICATE_METHOD_MATCH = YES;
				"CODE_SIGN_IDENTITY[sdk=iphoneos*]" = "iPhone Developer";
				COPY_PHASE_STRIP = NO;
				DEBUG_INFORMATION_FORMAT = "dwarf-with-dsym";
				ENABLE_NS_ASSERTIONS = NO;
				ENABLE_STRICT_OBJC_MSGSEND = YES;
				GCC_C_LANGUAGE_STANDARD = gnu99;
				GCC_NO_COMMON_BLOCKS = YES;
				GCC_WARN_64_TO_32_BIT_CONVERSION = YES;
				GCC_WARN_ABOUT_RETURN_TYPE = YES_ERROR;
				GCC_WARN_UNDECLARED_SELECTOR = YES;
				GCC_WARN_UNINITIALIZED_AUTOS = YES_AGGRESSIVE;
				GCC_WARN_UNUSED_FUNCTION = YES;
				GCC_WARN_UNUSED_VARIABLE = YES;
				HEADER_SEARCH_PATHS = "$(SDKROOT)/usr/include/libxml2";
				IPHONEOS_DEPLOYMENT_TARGET = 8.0;
				MTL_ENABLE_DEBUG_INFO = NO;
				SDKROOT = iphoneos;
				TARGETED_DEVICE_FAMILY = "1,2";
				VALIDATE_PRODUCT = YES;
			};
			name = Release;
		};
		2E7C6F7A1B8E6DDE00E95183 /* Debug */ = {
			isa = XCBuildConfiguration;
			buildSettings = {
				ASSETCATALOG_COMPILER_APPICON_NAME = AppIcon;
				CODE_SIGN_IDENTITY = "iPhone Developer";
				EMBEDDED_CONTENT_CONTAINS_SWIFT = YES;
				ENABLE_BITCODE = NO;
				INFOPLIST_FILE = "T-Square/Info.plist";
				IPHONEOS_DEPLOYMENT_TARGET = 8.0;
				LD_RUNPATH_SEARCH_PATHS = "$(inherited) @executable_path/Frameworks";
				PRODUCT_BUNDLE_IDENTIFIER = "edu.gatech.cal.T-Squared";
				PRODUCT_NAME = "$(TARGET_NAME)";
			};
			name = Debug;
		};
		2E7C6F7B1B8E6DDE00E95183 /* Release */ = {
			isa = XCBuildConfiguration;
			buildSettings = {
				ASSETCATALOG_COMPILER_APPICON_NAME = AppIcon;
				CODE_SIGN_IDENTITY = "iPhone Developer";
				EMBEDDED_CONTENT_CONTAINS_SWIFT = YES;
				ENABLE_BITCODE = NO;
				INFOPLIST_FILE = "T-Square/Info.plist";
				IPHONEOS_DEPLOYMENT_TARGET = 8.0;
				LD_RUNPATH_SEARCH_PATHS = "$(inherited) @executable_path/Frameworks";
				PRODUCT_BUNDLE_IDENTIFIER = "edu.gatech.cal.T-Squared";
				PRODUCT_NAME = "$(TARGET_NAME)";
			};
			name = Release;
		};
		2E7C6F7D1B8E6DDE00E95183 /* Debug */ = {
			isa = XCBuildConfiguration;
			buildSettings = {
				BUNDLE_LOADER = "$(TEST_HOST)";
				INFOPLIST_FILE = "T-SquareTests/Info.plist";
				LD_RUNPATH_SEARCH_PATHS = "$(inherited) @executable_path/Frameworks @loader_path/Frameworks";
				PRODUCT_BUNDLE_IDENTIFIER = "edu.gatech.cal.T-SquareTests";
				PRODUCT_NAME = "$(TARGET_NAME)";
				TEST_HOST = "$(BUILT_PRODUCTS_DIR)/T-Square.app/T-Square";
			};
			name = Debug;
		};
		2E7C6F7E1B8E6DDE00E95183 /* Release */ = {
			isa = XCBuildConfiguration;
			buildSettings = {
				BUNDLE_LOADER = "$(TEST_HOST)";
				INFOPLIST_FILE = "T-SquareTests/Info.plist";
				LD_RUNPATH_SEARCH_PATHS = "$(inherited) @executable_path/Frameworks @loader_path/Frameworks";
				PRODUCT_BUNDLE_IDENTIFIER = "edu.gatech.cal.T-SquareTests";
				PRODUCT_NAME = "$(TARGET_NAME)";
				TEST_HOST = "$(BUILT_PRODUCTS_DIR)/T-Square.app/T-Square";
			};
			name = Release;
		};
/* End XCBuildConfiguration section */

/* Begin XCConfigurationList section */
		2E7C6F571B8E6DDE00E95183 /* Build configuration list for PBXProject "T-Square" */ = {
			isa = XCConfigurationList;
			buildConfigurations = (
				2E7C6F771B8E6DDE00E95183 /* Debug */,
				2E7C6F781B8E6DDE00E95183 /* Release */,
			);
			defaultConfigurationIsVisible = 0;
			defaultConfigurationName = Release;
		};
		2E7C6F791B8E6DDE00E95183 /* Build configuration list for PBXNativeTarget "T-Squared" */ = {
			isa = XCConfigurationList;
			buildConfigurations = (
				2E7C6F7A1B8E6DDE00E95183 /* Debug */,
				2E7C6F7B1B8E6DDE00E95183 /* Release */,
			);
			defaultConfigurationIsVisible = 0;
			defaultConfigurationName = Release;
		};
		2E7C6F7C1B8E6DDE00E95183 /* Build configuration list for PBXNativeTarget "T-SquareTests" */ = {
			isa = XCConfigurationList;
			buildConfigurations = (
				2E7C6F7D1B8E6DDE00E95183 /* Debug */,
				2E7C6F7E1B8E6DDE00E95183 /* Release */,
			);
			defaultConfigurationIsVisible = 0;
			defaultConfigurationName = Release;
		};
/* End XCConfigurationList section */
	};
	rootObject = 2E7C6F541B8E6DDE00E95183 /* Project object */;
}
